
Microsoft Visual Studio Solution File, Format Version 12.00
# Visual Studio Version 16
VisualStudioVersion = 16.0.28803.156
MinimumVisualStudioVersion = 10.0.40219.1
Project("{FAE04EC0-301F-11D3-BF4B-00C04F79EFBC}") = "SimpleUDPServer", "SimpleUDPServer.csproj", "{C70D9330-8799-4A53-A9BC-750CC81B9A11}"
EndProject
Global
	GlobalSection(SolutionConfigurationPlatforms) = preSolution
		Debug|Any CPU = Debug|Any CPU
		Release|Any CPU = Release|Any CPU
	EndGlobalSection
	GlobalSection(ProjectConfigurationPlatforms) = postSolution
		{C70D9330-8799-4A53-A9BC-750CC81B9A11}.Debug|Any CPU.ActiveCfg = Debug|Any CPU
		{C70D9330-8799-4A53-A9BC-750CC81B9A11}.Debug|Any CPU.Build.0 = Debug|Any CPU
		{C70D9330-8799-4A53-A9BC-750CC81B9A11}.Release|Any CPU.ActiveCfg = Release|Any CPU
		{C70D9330-8799-4A53-A9BC-750CC81B9A11}.Release|Any CPU.Build.0 = Release|Any CPU
	EndGlobalSection
	GlobalSection(SolutionProperties) = preSolution
		HideSolutionNode = FALSE
	EndGlobalSection
	GlobalSection(ExtensibilityGlobals) = postSolution
		SolutionGuid = {BDA48C6E-1B39-4D65-B140-435911AB38C6}
	EndGlobalSection
EndGlobal
