
Microsoft Visual Studio Solution File, Format Version 12.00
# Visual Studio 15
VisualStudioVersion = 15.0.28307.168
MinimumVisualStudioVersion = 10.0.40219.1
Project("{FAE04EC0-301F-11D3-BF4B-00C04F79EFBC}") = "SuperSocket.Common", "Common\SuperSocket.Common.csproj", "{8CCC9AF7-3207-43B0-8023-672613D81180}"
EndProject
Global
	GlobalSection(SolutionConfigurationPlatforms) = preSolution
		Debug|Any CPU = Debug|Any CPU
		Release|Any CPU = Release|Any CPU
	EndGlobalSection
	GlobalSection(ProjectConfigurationPlatforms) = postSolution
		{8CCC9AF7-3207-43B0-8023-672613D81180}.Debug|Any CPU.ActiveCfg = Debug|Any CPU
		{8CCC9AF7-3207-43B0-8023-672613D81180}.Debug|Any CPU.Build.0 = Debug|Any CPU
		{8CCC9AF7-3207-43B0-8023-672613D81180}.Release|Any CPU.ActiveCfg = Release|Any CPU
		{8CCC9AF7-3207-43B0-8023-672613D81180}.Release|Any CPU.Build.0 = Release|Any CPU
	EndGlobalSection
	GlobalSection(SolutionProperties) = preSolution
		HideSolutionNode = FALSE
	EndGlobalSection
	GlobalSection(ExtensibilityGlobals) = postSolution
		SolutionGuid = {051D2D04-F401-4653-9E39-3416ACEC7D56}
	EndGlobalSection
EndGlobal
