
Microsoft Visual Studio Solution File, Format Version 12.00
# Visual Studio 15
VisualStudioVersion = 15.0.28307.168
MinimumVisualStudioVersion = 10.0.40219.1
Project("{9A19103F-16F7-4668-BE54-9A1E7A4F7556}") = "SuperSocket.SocketBase", "SocketBase\SuperSocket.SocketBase.csproj", "{63714664-34F3-4F47-823E-27F6156A5A1B}"
EndProject
Project("{9A19103F-16F7-4668-BE54-9A1E7A4F7556}") = "SuperSocket.Common", "Common\SuperSocket.Common.csproj", "{21901887-DB3D-4F33-966A-B8C22C5720B1}"
EndProject
Global
	GlobalSection(SolutionConfigurationPlatforms) = preSolution
		Debug|Any CPU = Debug|Any CPU
		Release|Any CPU = Release|Any CPU
	EndGlobalSection
	GlobalSection(ProjectConfigurationPlatforms) = postSolution
		{63714664-34F3-4F47-823E-27F6156A5A1B}.Debug|Any CPU.ActiveCfg = Debug|Any CPU
		{63714664-34F3-4F47-823E-27F6156A5A1B}.Debug|Any CPU.Build.0 = Debug|Any CPU
		{63714664-34F3-4F47-823E-27F6156A5A1B}.Release|Any CPU.ActiveCfg = Release|Any CPU
		{63714664-34F3-4F47-823E-27F6156A5A1B}.Release|Any CPU.Build.0 = Release|Any CPU
		{21901887-DB3D-4F33-966A-B8C22C5720B1}.Debug|Any CPU.ActiveCfg = Debug|Any CPU
		{21901887-DB3D-4F33-966A-B8C22C5720B1}.Debug|Any CPU.Build.0 = Debug|Any CPU
		{21901887-DB3D-4F33-966A-B8C22C5720B1}.Release|Any CPU.ActiveCfg = Release|Any CPU
		{21901887-DB3D-4F33-966A-B8C22C5720B1}.Release|Any CPU.Build.0 = Release|Any CPU
	EndGlobalSection
	GlobalSection(SolutionProperties) = preSolution
		HideSolutionNode = FALSE
	EndGlobalSection
	GlobalSection(ExtensibilityGlobals) = postSolution
		SolutionGuid = {48CEAA3C-09AE-4B10-8C84-9BED613EF806}
	EndGlobalSection
EndGlobal
