
Microsoft Visual Studio Solution File, Format Version 12.00
# Visual Studio Version 16
VisualStudioVersion = 16.0.28803.156
MinimumVisualStudioVersion = 10.0.40219.1
Project("{9A19103F-16F7-4668-BE54-9A1E7A4F7556}") = "ChatServer", "ChatServer\ChatServer.csproj", "{5905C7E2-5B5A-4985-B6F2-EBB3BE54EC4A}"
EndProject
Project("{9A19103F-16F7-4668-BE54-9A1E7A4F7556}") = "CSBaseLib", "CSBaseLib\CSBaseLib.csproj", "{51C8E10F-84BD-4436-A881-50A0301BE35E}"
EndProject
Project("{9A19103F-16F7-4668-BE54-9A1E7A4F7556}") = "CommonServerLib", "CommonServerLib\CommonServerLib.csproj", "{D0C4D2E4-D6C7-473B-AD0D-C82635E5C418}"
EndProject
Project("{2150E333-8FDC-42A3-9474-1A3956D46DE8}") = "SuperSocketLite", "SuperSocketLite", "{110CB052-84AE-4CF3-BF19-2C39A23E77B6}"
EndProject
Project("{9A19103F-16F7-4668-BE54-9A1E7A4F7556}") = "SuperSocket.Common", "..\..\Common\SuperSocket.Common.csproj", "{8B307FA7-FF97-40AA-8AE5-89B3CC27EE46}"
EndProject
Project("{9A19103F-16F7-4668-BE54-9A1E7A4F7556}") = "SuperSocket.SocketBase", "..\..\SocketBase\SuperSocket.SocketBase.csproj", "{044EEA15-A7E8-4AE1-9DA3-3676493C1D33}"
EndProject
Project("{9A19103F-16F7-4668-BE54-9A1E7A4F7556}") = "SuperSocket.SocketEngine", "..\..\SocketEngine\SuperSocket.SocketEngine.csproj", "{16CB3522-8FD0-4FCC-9E37-BB5D0D01E945}"
EndProject
Global
	GlobalSection(SolutionConfigurationPlatforms) = preSolution
		Debug|Any CPU = Debug|Any CPU
		Release|Any CPU = Release|Any CPU
	EndGlobalSection
	GlobalSection(ProjectConfigurationPlatforms) = postSolution
		{5905C7E2-5B5A-4985-B6F2-EBB3BE54EC4A}.Debug|Any CPU.ActiveCfg = Debug|Any CPU
		{5905C7E2-5B5A-4985-B6F2-EBB3BE54EC4A}.Debug|Any CPU.Build.0 = Debug|Any CPU
		{5905C7E2-5B5A-4985-B6F2-EBB3BE54EC4A}.Release|Any CPU.ActiveCfg = Release|Any CPU
		{5905C7E2-5B5A-4985-B6F2-EBB3BE54EC4A}.Release|Any CPU.Build.0 = Release|Any CPU
		{51C8E10F-84BD-4436-A881-50A0301BE35E}.Debug|Any CPU.ActiveCfg = Debug|Any CPU
		{51C8E10F-84BD-4436-A881-50A0301BE35E}.Debug|Any CPU.Build.0 = Debug|Any CPU
		{51C8E10F-84BD-4436-A881-50A0301BE35E}.Release|Any CPU.ActiveCfg = Release|Any CPU
		{51C8E10F-84BD-4436-A881-50A0301BE35E}.Release|Any CPU.Build.0 = Release|Any CPU
		{D0C4D2E4-D6C7-473B-AD0D-C82635E5C418}.Debug|Any CPU.ActiveCfg = Debug|Any CPU
		{D0C4D2E4-D6C7-473B-AD0D-C82635E5C418}.Debug|Any CPU.Build.0 = Debug|Any CPU
		{D0C4D2E4-D6C7-473B-AD0D-C82635E5C418}.Release|Any CPU.ActiveCfg = Release|Any CPU
		{D0C4D2E4-D6C7-473B-AD0D-C82635E5C418}.Release|Any CPU.Build.0 = Release|Any CPU
		{8B307FA7-FF97-40AA-8AE5-89B3CC27EE46}.Debug|Any CPU.ActiveCfg = Debug|Any CPU
		{8B307FA7-FF97-40AA-8AE5-89B3CC27EE46}.Debug|Any CPU.Build.0 = Debug|Any CPU
		{8B307FA7-FF97-40AA-8AE5-89B3CC27EE46}.Release|Any CPU.ActiveCfg = Release|Any CPU
		{8B307FA7-FF97-40AA-8AE5-89B3CC27EE46}.Release|Any CPU.Build.0 = Release|Any CPU
		{044EEA15-A7E8-4AE1-9DA3-3676493C1D33}.Debug|Any CPU.ActiveCfg = Debug|Any CPU
		{044EEA15-A7E8-4AE1-9DA3-3676493C1D33}.Debug|Any CPU.Build.0 = Debug|Any CPU
		{044EEA15-A7E8-4AE1-9DA3-3676493C1D33}.Release|Any CPU.ActiveCfg = Release|Any CPU
		{044EEA15-A7E8-4AE1-9DA3-3676493C1D33}.Release|Any CPU.Build.0 = Release|Any CPU
		{16CB3522-8FD0-4FCC-9E37-BB5D0D01E945}.Debug|Any CPU.ActiveCfg = Debug|Any CPU
		{16CB3522-8FD0-4FCC-9E37-BB5D0D01E945}.Debug|Any CPU.Build.0 = Debug|Any CPU
		{16CB3522-8FD0-4FCC-9E37-BB5D0D01E945}.Release|Any CPU.ActiveCfg = Release|Any CPU
		{16CB3522-8FD0-4FCC-9E37-BB5D0D01E945}.Release|Any CPU.Build.0 = Release|Any CPU
	EndGlobalSection
	GlobalSection(SolutionProperties) = preSolution
		HideSolutionNode = FALSE
	EndGlobalSection
	GlobalSection(NestedProjects) = preSolution
		{8B307FA7-FF97-40AA-8AE5-89B3CC27EE46} = {110CB052-84AE-4CF3-BF19-2C39A23E77B6}
		{044EEA15-A7E8-4AE1-9DA3-3676493C1D33} = {110CB052-84AE-4CF3-BF19-2C39A23E77B6}
		{16CB3522-8FD0-4FCC-9E37-BB5D0D01E945} = {110CB052-84AE-4CF3-BF19-2C39A23E77B6}
	EndGlobalSection
	GlobalSection(ExtensibilityGlobals) = postSolution
		SolutionGuid = {66543E6A-2DBE-4FC3-8045-A5C5F2F536CD}
	EndGlobalSection
EndGlobal
