
Microsoft Visual Studio Solution File, Format Version 12.00
# Visual Studio Version 17
VisualStudioVersion = 17.9.34616.47
MinimumVisualStudioVersion = 10.0.40219.1
Project("{9A19103F-16F7-4668-BE54-9A1E7A4F7556}") = "TestClient", "TestClient.csproj", "{8BD9B461-8A1C-4692-A1CE-4678648783CB}"
EndProject
Global
	GlobalSection(SolutionConfigurationPlatforms) = preSolution
		Debug|Any CPU = Debug|Any CPU
		Release|Any CPU = Release|Any CPU
	EndGlobalSection
	GlobalSection(ProjectConfigurationPlatforms) = postSolution
		{8BD9B461-8A1C-4692-A1CE-4678648783CB}.Debug|Any CPU.ActiveCfg = Debug|Any CPU
		{8BD9B461-8A1C-4692-A1CE-4678648783CB}.Debug|Any CPU.Build.0 = Debug|Any CPU
		{8BD9B461-8A1C-4692-A1CE-4678648783CB}.Release|Any CPU.ActiveCfg = Release|Any CPU
		{8BD9B461-8A1C-4692-A1CE-4678648783CB}.Release|Any CPU.Build.0 = Release|Any CPU
	EndGlobalSection
	GlobalSection(SolutionProperties) = preSolution
		HideSolutionNode = FALSE
	EndGlobalSection
	GlobalSection(ExtensibilityGlobals) = postSolution
		SolutionGuid = {487DB001-A769-440F-86EC-00ECCF39B137}
	EndGlobalSection
EndGlobal
