
Microsoft Visual Studio Solution File, Format Version 12.00
# Visual Studio 15
VisualStudioVersion = 15.0.28307.271
MinimumVisualStudioVersion = 10.0.40219.1
Project("{FAE04EC0-301F-11D3-BF4B-00C04F79EFBC}") = "MultiPortServer", "MultiPortServer.csproj", "{614B645C-F053-4CF4-9563-598C0F5BCCC8}"
EndProject
Global
	GlobalSection(SolutionConfigurationPlatforms) = preSolution
		Debug|Any CPU = Debug|Any CPU
		Release|Any CPU = Release|Any CPU
	EndGlobalSection
	GlobalSection(ProjectConfigurationPlatforms) = postSolution
		{614B645C-F053-4CF4-9563-598C0F5BCCC8}.Debug|Any CPU.ActiveCfg = Debug|Any CPU
		{614B645C-F053-4CF4-9563-598C0F5BCCC8}.Debug|Any CPU.Build.0 = Debug|Any CPU
		{614B645C-F053-4CF4-9563-598C0F5BCCC8}.Release|Any CPU.ActiveCfg = Release|Any CPU
		{614B645C-F053-4CF4-9563-598C0F5BCCC8}.Release|Any CPU.Build.0 = Release|Any CPU
	EndGlobalSection
	GlobalSection(SolutionProperties) = preSolution
		HideSolutionNode = FALSE
	EndGlobalSection
	GlobalSection(ExtensibilityGlobals) = postSolution
		SolutionGuid = {A4FDD39F-4F17-43B6-BBD1-4CB5C1E217D0}
	EndGlobalSection
EndGlobal
